
Microsoft Visual Studio Solution File, Format Version 11.00
# Visual Studio 2010
Project("{FAE04EC0-301F-11D3-BF4B-00C04F79EFBC}") = "EPIProcessor", "EPIProcessor\EPIProcessor.csproj", "{F42D8ACC-8458-468F-9228-6CCAEA74C656}"
EndProject
Global
	GlobalSection(SolutionConfigurationPlatforms) = preSolution
		Debug|x86 = Debug|x86
		Release|x86 = Release|x86
	EndGlobalSection
	GlobalSection(ProjectConfigurationPlatforms) = postSolution
		{F42D8ACC-8458-468F-9228-6CCAEA74C656}.Debug|x86.ActiveCfg = Debug|x86
		{F42D8ACC-8458-468F-9228-6CCAEA74C656}.Debug|x86.Build.0 = Debug|x86
		{F42D8ACC-8458-468F-9228-6CCAEA74C656}.Release|x86.ActiveCfg = Release|x86
		{F42D8ACC-8458-468F-9228-6CCAEA74C656}.Release|x86.Build.0 = Release|x86
	EndGlobalSection
	GlobalSection(SolutionProperties) = preSolution
		HideSolutionNode = FALSE
	EndGlobalSection
EndGlobal
